// !$*UTF8*$!
{
	archiveVersion = 1;
	classes = {
	};
	objectVersion = 48;
	objects = {

/* Begin PBXBuildFile section */
		CB7B57001FBB8C9D00FF2EAC /* AppDelegate.swift in Sources */ = {isa = PBXBuildFile; fileRef = CB7B56FF1FBB8C9D00FF2EAC /* AppDelegate.swift */; };
		CB7B57021FBB8C9D00FF2EAC /* ViewController.swift in Sources */ = {isa = PBXBuildFile; fileRef = CB7B57011FBB8C9D00FF2EAC /* ViewController.swift */; };
		CB7B57051FBB8C9D00FF2EAC /* Main.storyboard in Resources */ = {isa = PBXBuildFile; fileRef = CB7B57031FBB8C9D00FF2EAC /* Main.storyboard */; };
		CB7B57071FBB8C9D00FF2EAC /* Assets.xcassets in Resources */ = {isa = PBXBuildFile; fileRef = CB7B57061FBB8C9D00FF2EAC /* Assets.xcassets */; };
		CB7B570A1FBB8C9D00FF2EAC /* LaunchScreen.storyboard in Resources */ = {isa = PBXBuildFile; fileRef = CB7B57081FBB8C9D00FF2EAC /* LaunchScreen.storyboard */; };
		CB7B57151FBB8C9D00FF2EAC /* SentimentUITests.swift in Sources */ = {isa = PBXBuildFile; fileRef = CB7B57141FBB8C9D00FF2EAC /* SentimentUITests.swift */; };
		CBCEEE171FBBAA3500CFE971 /* SentimentResponse.swift in Sources */ = {isa = PBXBuildFile; fileRef = CBCEEE131FBBAA3400CFE971 /* SentimentResponse.swift */; };
		CBCEEE181FBBAA3500CFE971 /* SentimentClient.swift in Sources */ = {isa = PBXBuildFile; fileRef = CBCEEE141FBBAA3500CFE971 /* SentimentClient.swift */; };
		CBCEEE191FBBAA3500CFE971 /* Sentiment.swift in Sources */ = {isa = PBXBuildFile; fileRef = CBCEEE151FBBAA3500CFE971 /* Sentiment.swift */; };
		CBCEEE1A1FBBAA3500CFE971 /* SentimentKeyResponse.swift in Sources */ = {isa = PBXBuildFile; fileRef = CBCEEE161FBBAA3500CFE971 /* SentimentKeyResponse.swift */; };
/* End PBXBuildFile section */

/* Begin PBXContainerItemProxy section */
		CB7B57111FBB8C9D00FF2EAC /* PBXContainerItemProxy */ = {
			isa = PBXContainerItemProxy;
			containerPortal = CB7B56F41FBB8C9D00FF2EAC /* Project object */;
			proxyType = 1;
			remoteGlobalIDString = CB7B56FB1FBB8C9D00FF2EAC;
			remoteInfo = Sentiment;
		};
/* End PBXContainerItemProxy section */

/* Begin PBXFileReference section */
		CB7B56FC1FBB8C9D00FF2EAC /* Sentiment.app */ = {isa = PBXFileReference; explicitFileType = wrapper.application; includeInIndex = 0; path = Sentiment.app; sourceTree = BUILT_PRODUCTS_DIR; };
		CB7B56FF1FBB8C9D00FF2EAC /* AppDelegate.swift */ = {isa = PBXFileReference; lastKnownFileType = sourcecode.swift; path = AppDelegate.swift; sourceTree = "<group>"; };
		CB7B57011FBB8C9D00FF2EAC /* ViewController.swift */ = {isa = PBXFileReference; lastKnownFileType = sourcecode.swift; path = ViewController.swift; sourceTree = "<group>"; };
		CB7B57041FBB8C9D00FF2EAC /* Base */ = {isa = PBXFileReference; lastKnownFileType = file.storyboard; name = Base; path = Base.lproj/Main.storyboard; sourceTree = "<group>"; };
		CB7B57061FBB8C9D00FF2EAC /* Assets.xcassets */ = {isa = PBXFileReference; lastKnownFileType = folder.assetcatalog; path = Assets.xcassets; sourceTree = "<group>"; };
		CB7B57091FBB8C9D00FF2EAC /* Base */ = {isa = PBXFileReference; lastKnownFileType = file.storyboard; name = Base; path = Base.lproj/LaunchScreen.storyboard; sourceTree = "<group>"; };
		CB7B570B1FBB8C9D00FF2EAC /* Info.plist */ = {isa = PBXFileReference; lastKnownFileType = text.plist.xml; path = Info.plist; sourceTree = "<group>"; };
		CB7B57101FBB8C9D00FF2EAC /* SentimentUITests.xctest */ = {isa = PBXFileReference; explicitFileType = wrapper.cfbundle; includeInIndex = 0; path = SentimentUITests.xctest; sourceTree = BUILT_PRODUCTS_DIR; };
		CB7B57141FBB8C9D00FF2EAC /* SentimentUITests.swift */ = {isa = PBXFileReference; lastKnownFileType = sourcecode.swift; path = SentimentUITests.swift; sourceTree = "<group>"; };
		CB7B57161FBB8C9D00FF2EAC /* Info.plist */ = {isa = PBXFileReference; lastKnownFileType = text.plist.xml; path = Info.plist; sourceTree = "<group>"; };
		CBCEEE131FBBAA3400CFE971 /* SentimentResponse.swift */ = {isa = PBXFileReference; fileEncoding = 4; lastKnownFileType = sourcecode.swift; path = SentimentResponse.swift; sourceTree = "<group>"; };
		CBCEEE141FBBAA3500CFE971 /* SentimentClient.swift */ = {isa = PBXFileReference; fileEncoding = 4; lastKnownFileType = sourcecode.swift; path = SentimentClient.swift; sourceTree = "<group>"; };
		CBCEEE151FBBAA3500CFE971 /* Sentiment.swift */ = {isa = PBXFileReference; fileEncoding = 4; lastKnownFileType = sourcecode.swift; path = Sentiment.swift; sourceTree = "<group>"; };
		CBCEEE161FBBAA3500CFE971 /* SentimentKeyResponse.swift */ = {isa = PBXFileReference; fileEncoding = 4; lastKnownFileType = sourcecode.swift; path = SentimentKeyResponse.swift; sourceTree = "<group>"; };
/* End PBXFileReference section */

/* Begin PBXFrameworksBuildPhase section */
		CB7B56F91FBB8C9D00FF2EAC /* Frameworks */ = {
			isa = PBXFrameworksBuildPhase;
			buildActionMask = 2147483647;
			files = (
			);
			runOnlyForDeploymentPostprocessing = 0;
		};
		CB7B570D1FBB8C9D00FF2EAC /* Frameworks */ = {
			isa = PBXFrameworksBuildPhase;
			buildActionMask = 2147483647;
			files = (
			);
			runOnlyForDeploymentPostprocessing = 0;
		};
/* End PBXFrameworksBuildPhase section */

/* Begin PBXGroup section */
		CB7B56F31FBB8C9D00FF2EAC = {
			isa = PBXGroup;
			children = (
				CB7B56FE1FBB8C9D00FF2EAC /* Sentiment */,
				CB7B57131FBB8C9D00FF2EAC /* SentimentUITests */,
				CB7B56FD1FBB8C9D00FF2EAC /* Products */,
			);
			sourceTree = "<group>";
		};
		CB7B56FD1FBB8C9D00FF2EAC /* Products */ = {
			isa = PBXGroup;
			children = (
				CB7B56FC1FBB8C9D00FF2EAC /* Sentiment.app */,
				CB7B57101FBB8C9D00FF2EAC /* SentimentUITests.xctest */,
			);
			name = Products;
			sourceTree = "<group>";
		};
		CB7B56FE1FBB8C9D00FF2EAC /* Sentiment */ = {
			isa = PBXGroup;
			children = (
				CB7B56FF1FBB8C9D00FF2EAC /* AppDelegate.swift */,
				CB7B57011FBB8C9D00FF2EAC /* ViewController.swift */,
				CB7B57031FBB8C9D00FF2EAC /* Main.storyboard */,
				CB7B57061FBB8C9D00FF2EAC /* Assets.xcassets */,
				CB7B57081FBB8C9D00FF2EAC /* LaunchScreen.storyboard */,
				CB7B570B1FBB8C9D00FF2EAC /* Info.plist */,
				CBCEEE151FBBAA3500CFE971 /* Sentiment.swift */,
				CBCEEE141FBBAA3500CFE971 /* SentimentClient.swift */,
				CBCEEE161FBBAA3500CFE971 /* SentimentKeyResponse.swift */,
				CBCEEE131FBBAA3400CFE971 /* SentimentResponse.swift */,
			);
			path = Sentiment;
			sourceTree = "<group>";
		};
		CB7B57131FBB8C9D00FF2EAC /* SentimentUITests */ = {
			isa = PBXGroup;
			children = (
				CB7B57141FBB8C9D00FF2EAC /* SentimentUITests.swift */,
				CB7B57161FBB8C9D00FF2EAC /* Info.plist */,
			);
			path = SentimentUITests;
			sourceTree = "<group>";
		};
/* End PBXGroup section */

/* Begin PBXNativeTarget section */
		CB7B56FB1FBB8C9D00FF2EAC /* Sentiment */ = {
			isa = PBXNativeTarget;
			buildConfigurationList = CB7B57191FBB8C9D00FF2EAC /* Build configuration list for PBXNativeTarget "Sentiment" */;
			buildPhases = (
				CB7B56F81FBB8C9D00FF2EAC /* Sources */,
				CB7B56F91FBB8C9D00FF2EAC /* Frameworks */,
				CB7B56FA1FBB8C9D00FF2EAC /* Resources */,
			);
			buildRules = (
			);
			dependencies = (
			);
			name = Sentiment;
			productName = Sentiment;
			productReference = CB7B56FC1FBB8C9D00FF2EAC /* Sentiment.app */;
			productType = "com.apple.product-type.application";
		};
		CB7B570F1FBB8C9D00FF2EAC /* SentimentUITests */ = {
			isa = PBXNativeTarget;
			buildConfigurationList = CB7B571C1FBB8C9D00FF2EAC /* Build configuration list for PBXNativeTarget "SentimentUITests" */;
			buildPhases = (
				CB7B570C1FBB8C9D00FF2EAC /* Sources */,
				CB7B570D1FBB8C9D00FF2EAC /* Frameworks */,
				CB7B570E1FBB8C9D00FF2EAC /* Resources */,
			);
			buildRules = (
			);
			dependencies = (
				CB7B57121FBB8C9D00FF2EAC /* PBXTargetDependency */,
			);
			name = SentimentUITests;
			productName = SentimentUITests;
			productReference = CB7B57101FBB8C9D00FF2EAC /* SentimentUITests.xctest */;
			productType = "com.apple.product-type.bundle.ui-testing";
		};
/* End PBXNativeTarget section */

/* Begin PBXProject section */
		CB7B56F41FBB8C9D00FF2EAC /* Project object */ = {
			isa = PBXProject;
			attributes = {
				LastSwiftUpdateCheck = 0910;
				LastUpgradeCheck = 0910;
				ORGANIZATIONNAME = "Karl Piteira";
				TargetAttributes = {
					CB7B56FB1FBB8C9D00FF2EAC = {
						CreatedOnToolsVersion = 9.1;
						ProvisioningStyle = Manual;
					};
					CB7B570F1FBB8C9D00FF2EAC = {
						CreatedOnToolsVersion = 9.1;
						ProvisioningStyle = Automatic;
						TestTargetID = CB7B56FB1FBB8C9D00FF2EAC;
					};
				};
			};
			buildConfigurationList = CB7B56F71FBB8C9D00FF2EAC /* Build configuration list for PBXProject "Sentiment" */;
			compatibilityVersion = "Xcode 8.0";
			developmentRegion = en;
			hasScannedForEncodings = 0;
			knownRegions = (
				en,
				Base,
			);
			mainGroup = CB7B56F31FBB8C9D00FF2EAC;
			productRefGroup = CB7B56FD1FBB8C9D00FF2EAC /* Products */;
			projectDirPath = "";
			projectRoot = "";
			targets = (
				CB7B56FB1FBB8C9D00FF2EAC /* Sentiment */,
				CB7B570F1FBB8C9D00FF2EAC /* SentimentUITests */,
			);
		};
/* End PBXProject section */

/* Begin PBXResourcesBuildPhase section */
		CB7B56FA1FBB8C9D00FF2EAC /* Resources */ = {
			isa = PBXResourcesBuildPhase;
			buildActionMask = 2147483647;
			files = (
				CB7B570A1FBB8C9D00FF2EAC /* LaunchScreen.storyboard in Resources */,
				CB7B57071FBB8C9D00FF2EAC /* Assets.xcassets in Resources */,
				CB7B57051FBB8C9D00FF2EAC /* Main.storyboard in Resources */,
			);
			runOnlyForDeploymentPostprocessing = 0;
		};
		CB7B570E1FBB8C9D00FF2EAC /* Resources */ = {
			isa = PBXResourcesBuildPhase;
			buildActionMask = 2147483647;
			files = (
			);
			runOnlyForDeploymentPostprocessing = 0;
		};
/* End PBXResourcesBuildPhase section */

/* Begin PBXSourcesBuildPhase section */
		CB7B56F81FBB8C9D00FF2EAC /* Sources */ = {
			isa = PBXSourcesBuildPhase;
			buildActionMask = 2147483647;
			files = (
				CBCEEE191FBBAA3500CFE971 /* Sentiment.swift in Sources */,
				CB7B57021FBB8C9D00FF2EAC /* ViewController.swift in Sources */,
				CB7B57001FBB8C9D00FF2EAC /* AppDelegate.swift in Sources */,
				CBCEEE181FBBAA3500CFE971 /* SentimentClient.swift in Sources */,
				CBCEEE1A1FBBAA3500CFE971 /* SentimentKeyResponse.swift in Sources */,
				CBCEEE171FBBAA3500CFE971 /* SentimentResponse.swift in Sources */,
			);
			runOnlyForDeploymentPostprocessing = 0;
		};
		CB7B570C1FBB8C9D00FF2EAC /* Sources */ = {
			isa = PBXSourcesBuildPhase;
			buildActionMask = 2147483647;
			files = (
				CB7B57151FBB8C9D00FF2EAC /* SentimentUITests.swift in Sources */,
			);
			runOnlyForDeploymentPostprocessing = 0;
		};
/* End PBXSourcesBuildPhase section */

/* Begin PBXTargetDependency section */
		CB7B57121FBB8C9D00FF2EAC /* PBXTargetDependency */ = {
			isa = PBXTargetDependency;
			target = CB7B56FB1FBB8C9D00FF2EAC /* Sentiment */;
			targetProxy = CB7B57111FBB8C9D00FF2EAC /* PBXContainerItemProxy */;
		};
/* End PBXTargetDependency section */

/* Begin PBXVariantGroup section */
		CB7B57031FBB8C9D00FF2EAC /* Main.storyboard */ = {
			isa = PBXVariantGroup;
			children = (
				CB7B57041FBB8C9D00FF2EAC /* Base */,
			);
			name = Main.storyboard;
			sourceTree = "<group>";
		};
		CB7B57081FBB8C9D00FF2EAC /* LaunchScreen.storyboard */ = {
			isa = PBXVariantGroup;
			children = (
				CB7B57091FBB8C9D00FF2EAC /* Base */,
			);
			name = LaunchScreen.storyboard;
			sourceTree = "<group>";
		};
/* End PBXVariantGroup section */

/* Begin XCBuildConfiguration section */
		CB7B57171FBB8C9D00FF2EAC /* Debug */ = {
			isa = XCBuildConfiguration;
			buildSettings = {
				ALWAYS_SEARCH_USER_PATHS = NO;
				CLANG_ANALYZER_NONNULL = YES;
				CLANG_ANALYZER_NUMBER_OBJECT_CONVERSION = YES_AGGRESSIVE;
				CLANG_CXX_LANGUAGE_STANDARD = "gnu++14";
				CLANG_CXX_LIBRARY = "libc++";
				CLANG_ENABLE_MODULES = YES;
				CLANG_ENABLE_OBJC_ARC = YES;
				CLANG_WARN_BLOCK_CAPTURE_AUTORELEASING = YES;
				CLANG_WARN_BOOL_CONVERSION = YES;
				CLANG_WARN_COMMA = YES;
				CLANG_WARN_CONSTANT_CONVERSION = YES;
				CLANG_WARN_DIRECT_OBJC_ISA_USAGE = YES_ERROR;
				CLANG_WARN_DOCUMENTATION_COMMENTS = YES;
				CLANG_WARN_EMPTY_BODY = YES;
				CLANG_WARN_ENUM_CONVERSION = YES;
				CLANG_WARN_INFINITE_RECURSION = YES;
				CLANG_WARN_INT_CONVERSION = YES;
				CLANG_WARN_NON_LITERAL_NULL_CONVERSION = YES;
				CLANG_WARN_OBJC_LITERAL_CONVERSION = YES;
				CLANG_WARN_OBJC_ROOT_CLASS = YES_ERROR;
				CLANG_WARN_RANGE_LOOP_ANALYSIS = YES;
				CLANG_WARN_STRICT_PROTOTYPES = YES;
				CLANG_WARN_SUSPICIOUS_MOVE = YES;
				CLANG_WARN_UNGUARDED_AVAILABILITY = YES_AGGRESSIVE;
				CLANG_WARN_UNREACHABLE_CODE = YES;
				CLANG_WARN__DUPLICATE_METHOD_MATCH = YES;
				CODE_SIGN_IDENTITY = "iPhone Developer";
				COPY_PHASE_STRIP = NO;
				DEBUG_INFORMATION_FORMAT = dwarf;
				ENABLE_STRICT_OBJC_MSGSEND = YES;
				ENABLE_TESTABILITY = YES;
				GCC_C_LANGUAGE_STANDARD = gnu11;
				GCC_DYNAMIC_NO_PIC = NO;
				GCC_NO_COMMON_BLOCKS = YES;
				GCC_OPTIMIZATION_LEVEL = 0;
				GCC_PREPROCESSOR_DEFINITIONS = (
					"DEBUG=1",
					"$(inherited)",
				);
				GCC_WARN_64_TO_32_BIT_CONVERSION = YES;
				GCC_WARN_ABOUT_RETURN_TYPE = YES_ERROR;
				GCC_WARN_UNDECLARED_SELECTOR = YES;
				GCC_WARN_UNINITIALIZED_AUTOS = YES_AGGRESSIVE;
				GCC_WARN_UNUSED_FUNCTION = YES;
				GCC_WARN_UNUSED_VARIABLE = YES;
				IPHONEOS_DEPLOYMENT_TARGET = 11.1;
				MTL_ENABLE_DEBUG_INFO = YES;
				ONLY_ACTIVE_ARCH = YES;
				SDKROOT = iphoneos;
				SWIFT_ACTIVE_COMPILATION_CONDITIONS = DEBUG;
				SWIFT_OPTIMIZATION_LEVEL = "-Onone";
			};
			name = Debug;
		};
		CB7B57181FBB8C9D00FF2EAC /* Release */ = {
			isa = XCBuildConfiguration;
			buildSettings = {
				ALWAYS_SEARCH_USER_PATHS = NO;
				CLANG_ANALYZER_NONNULL = YES;
				CLANG_ANALYZER_NUMBER_OBJECT_CONVERSION = YES_AGGRESSIVE;
				CLANG_CXX_LANGUAGE_STANDARD = "gnu++14";
				CLANG_CXX_LIBRARY = "libc++";
				CLANG_ENABLE_MODULES = YES;
				CLANG_ENABLE_OBJC_ARC = YES;
				CLANG_WARN_BLOCK_CAPTURE_AUTORELEASING = YES;
				CLANG_WARN_BOOL_CONVERSION = YES;
				CLANG_WARN_COMMA = YES;
				CLANG_WARN_CONSTANT_CONVERSION = YES;
				CLANG_WARN_DIRECT_OBJC_ISA_USAGE = YES_ERROR;
				CLANG_WARN_DOCUMENTATION_COMMENTS = YES;
				CLANG_WARN_EMPTY_BODY = YES;
				CLANG_WARN_ENUM_CONVERSION = YES;
				CLANG_WARN_INFINITE_RECURSION = YES;
				CLANG_WARN_INT_CONVERSION = YES;
				CLANG_WARN_NON_LITERAL_NULL_CONVERSION = YES;
				CLANG_WARN_OBJC_LITERAL_CONVERSION = YES;
				CLANG_WARN_OBJC_ROOT_CLASS = YES_ERROR;
				CLANG_WARN_RANGE_LOOP_ANALYSIS = YES;
				CLANG_WARN_STRICT_PROTOTYPES = YES;
				CLANG_WARN_SUSPICIOUS_MOVE = YES;
				CLANG_WARN_UNGUARDED_AVAILABILITY = YES_AGGRESSIVE;
				CLANG_WARN_UNREACHABLE_CODE = YES;
				CLANG_WARN__DUPLICATE_METHOD_MATCH = YES;
				CODE_SIGN_IDENTITY = "iPhone Developer";
				COPY_PHASE_STRIP = NO;
				DEBUG_INFORMATION_FORMAT = "dwarf-with-dsym";
				ENABLE_NS_ASSERTIONS = NO;
				ENABLE_STRICT_OBJC_MSGSEND = YES;
				GCC_C_LANGUAGE_STANDARD = gnu11;
				GCC_NO_COMMON_BLOCKS = YES;
				GCC_WARN_64_TO_32_BIT_CONVERSION = YES;
				GCC_WARN_ABOUT_RETURN_TYPE = YES_ERROR;
				GCC_WARN_UNDECLARED_SELECTOR = YES;
				GCC_WARN_UNINITIALIZED_AUTOS = YES_AGGRESSIVE;
				GCC_WARN_UNUSED_FUNCTION = YES;
				GCC_WARN_UNUSED_VARIABLE = YES;
				IPHONEOS_DEPLOYMENT_TARGET = 11.1;
				MTL_ENABLE_DEBUG_INFO = NO;
				SDKROOT = iphoneos;
				SWIFT_OPTIMIZATION_LEVEL = "-Owholemodule";
				VALIDATE_PRODUCT = YES;
			};
			name = Release;
		};
		CB7B571A1FBB8C9D00FF2EAC /* Debug */ = {
			isa = XCBuildConfiguration;
			buildSettings = {
				ASSETCATALOG_COMPILER_APPICON_NAME = AppIcon;
				"CODE_SIGN_IDENTITY[sdk=iphoneos*]" = "iPhone Distribution";
				CODE_SIGN_STYLE = Manual;
				DEVELOPMENT_TEAM = ARX63FMR7K;
				INFOPLIST_FILE = Sentiment/Info.plist;
				IPHONEOS_DEPLOYMENT_TARGET = 11.1;
				LD_RUNPATH_SEARCH_PATHS = "$(inherited) @executable_path/Frameworks";
				PRODUCT_BUNDLE_IDENTIFIER = com.microsoft.Sentiment;
				PRODUCT_NAME = "$(TARGET_NAME)";
				PROVISIONING_PROFILE = "66996614-3734-4835-ae52-d19d7e06e4ca";
				PROVISIONING_PROFILE_SPECIFIER = "Sentiment Distr";
				SWIFT_VERSION = 4.0;
				TARGETED_DEVICE_FAMILY = "1,2";
			};
			name = Debug;
		};
		CB7B571B1FBB8C9D00FF2EAC /* Release */ = {
			isa = XCBuildConfiguration;
			buildSettings = {
				ASSETCATALOG_COMPILER_APPICON_NAME = AppIcon;
				"CODE_SIGN_IDENTITY[sdk=iphoneos*]" = "iPhone Distribution";
				CODE_SIGN_STYLE = Manual;
				DEVELOPMENT_TEAM = ARX63FMR7K;
				INFOPLIST_FILE = Sentiment/Info.plist;
				IPHONEOS_DEPLOYMENT_TARGET = 11.1;
				LD_RUNPATH_SEARCH_PATHS = "$(inherited) @executable_path/Frameworks";
				PRODUCT_BUNDLE_IDENTIFIER = com.microsoft.Sentiment;
				PRODUCT_NAME = "$(TARGET_NAME)";
				PROVISIONING_PROFILE = "66996614-3734-4835-ae52-d19d7e06e4ca";
				PROVISIONING_PROFILE_SPECIFIER = "Sentiment Distr";
				SWIFT_VERSION = 4.0;
				TARGETED_DEVICE_FAMILY = "1,2";
			};
			name = Release;
		};
		CB7B571D1FBB8C9D00FF2EAC /* Debug */ = {
			isa = XCBuildConfiguration;
			buildSettings = {
				ALWAYS_EMBED_SWIFT_STANDARD_LIBRARIES = YES;
				CODE_SIGN_STYLE = Automatic;
				INFOPLIST_FILE = SentimentUITests/Info.plist;
				LD_RUNPATH_SEARCH_PATHS = "$(inherited) @executable_path/Frameworks @loader_path/Frameworks";
				PRODUCT_BUNDLE_IDENTIFIER = com.microsoft.SentimentUITests;
				PRODUCT_NAME = "$(TARGET_NAME)";
				SWIFT_VERSION = 4.0;
				TARGETED_DEVICE_FAMILY = "1,2";
				TEST_TARGET_NAME = Sentiment;
			};
			name = Debug;
		};
		CB7B571E1FBB8C9D00FF2EAC /* Release */ = {
			isa = XCBuildConfiguration;
			buildSettings = {
				ALWAYS_EMBED_SWIFT_STANDARD_LIBRARIES = YES;
				CODE_SIGN_STYLE = Automatic;
				INFOPLIST_FILE = SentimentUITests/Info.plist;
				LD_RUNPATH_SEARCH_PATHS = "$(inherited) @executable_path/Frameworks @loader_path/Frameworks";
				PRODUCT_BUNDLE_IDENTIFIER = com.microsoft.SentimentUITests;
				PRODUCT_NAME = "$(TARGET_NAME)";
				SWIFT_VERSION = 4.0;
				TARGETED_DEVICE_FAMILY = "1,2";
				TEST_TARGET_NAME = Sentiment;
			};
			name = Release;
		};
/* End XCBuildConfiguration section */

/* Begin XCConfigurationList section */
		CB7B56F71FBB8C9D00FF2EAC /* Build configuration list for PBXProject "Sentiment" */ = {
			isa = XCConfigurationList;
			buildConfigurations = (
				CB7B57171FBB8C9D00FF2EAC /* Debug */,
				CB7B57181FBB8C9D00FF2EAC /* Release */,
			);
			defaultConfigurationIsVisible = 0;
			defaultConfigurationName = Release;
		};
		CB7B57191FBB8C9D00FF2EAC /* Build configuration list for PBXNativeTarget "Sentiment" */ = {
			isa = XCConfigurationList;
			buildConfigurations = (
				CB7B571A1FBB8C9D00FF2EAC /* Debug */,
				CB7B571B1FBB8C9D00FF2EAC /* Release */,
			);
			defaultConfigurationIsVisible = 0;
			defaultConfigurationName = Release;
		};
		CB7B571C1FBB8C9D00FF2EAC /* Build configuration list for PBXNativeTarget "SentimentUITests" */ = {
			isa = XCConfigurationList;
			buildConfigurations = (
				CB7B571D1FBB8C9D00FF2EAC /* Debug */,
				CB7B571E1FBB8C9D00FF2EAC /* Release */,
			);
			defaultConfigurationIsVisible = 0;
			defaultConfigurationName = Release;
		};
/* End XCConfigurationList section */
	};
	rootObject = CB7B56F41FBB8C9D00FF2EAC /* Project object */;
}
